
Microsoft Visual Studio Solution File, Format Version 12.00
# Visual Studio Version 18
VisualStudioVersion = 18.1.11312.151
MinimumVisualStudioVersion = 10.0.40219.1
Project("{FAE04EC0-301F-11D3-BF4B-00C04F79EFBC}") = "0TEMP", "0TEMP\0TEMP.csproj", "{89104C50-596B-4CBC-9310-42F4B378DA5D}"
EndProject
Project("{FAE04EC0-301F-11D3-BF4B-00C04F79EFBC}") = "AVL-Tree[unfinished]", "AVL-Tree\AVL-Tree[unfinished].csproj", "{82410667-5BB5-425E-1030-9CD3AB0AB41A}"
EndProject
Project("{FAE04EC0-301F-11D3-BF4B-00C04F79EFBC}") = "AVL-Tree.Tests", "AVL-Tree.Tests\AVL-Tree.Tests.csproj", "{3251A186-C622-17BE-BC20-D88236160E2D}"
EndProject
Project("{FAE04EC0-301F-11D3-BF4B-00C04F79EFBC}") = "Binary-Search-Tree", "Binary-Search-Tree\Binary-Search-Tree.csproj", "{F5AD47F1-47EC-0999-AC9E-3D9A0D74DE24}"
EndProject
Project("{FAE04EC0-301F-11D3-BF4B-00C04F79EFBC}") = "Binary-Tree", "Binary-Tree\Binary-Tree.csproj", "{70C43285-D09D-E4DF-3372-B99EE5A623FB}"
EndProject
Project("{FAE04EC0-301F-11D3-BF4B-00C04F79EFBC}") = "Binary-Tree.Tests", "Binary-Tree.Tests\Binary-Tree.Tests.csproj", "{EF13EE6C-1538-DDEA-EE37-897B9855B016}"
EndProject
Project("{FAE04EC0-301F-11D3-BF4B-00C04F79EFBC}") = "Circular-Linked-List", "Circular-Linked-List\Circular-Linked-List.csproj", "{15A44D9F-3BA7-CFA4-EC2C-195405F5E6B2}"
EndProject
Project("{FAE04EC0-301F-11D3-BF4B-00C04F79EFBC}") = "Circular-Linked-List.Tests", "Circular-Linked-List.Tests\Circular-Linked-List.Tests.csproj", "{4504BD0C-1C7A-B5AB-146F-6EC5C24D8E70}"
EndProject
Project("{FAE04EC0-301F-11D3-BF4B-00C04F79EFBC}") = "Circular-Queue", "Circular-Queue\Circular-Queue.csproj", "{B02B6D59-C31A-919F-7FFC-8DEF9721FB12}"
EndProject
Project("{FAE04EC0-301F-11D3-BF4B-00C04F79EFBC}") = "Circular-Queue.Tests", "Circular-Queue.Tests\Circular-Queue.Tests.csproj", "{59CD3444-E986-7BC9-87C8-FF39974DE341}"
EndProject
Project("{FAE04EC0-301F-11D3-BF4B-00C04F79EFBC}") = "Deque", "Deque\Deque.csproj", "{0330761E-220C-F798-23ED-E95C522191C3}"
EndProject
Project("{FAE04EC0-301F-11D3-BF4B-00C04F79EFBC}") = "Deque.Tests", "Deque.Tests\Deque.Tests.csproj", "{E619FD14-CA8D-D7E2-581F-7FD0CC454796}"
EndProject
Project("{FAE04EC0-301F-11D3-BF4B-00C04F79EFBC}") = "Doubly-Linked-List", "Doubly-Linked-List\Doubly-Linked-List.csproj", "{B61C8E1F-D2D6-686B-9EFC-6610076F6825}"
EndProject
Project("{FAE04EC0-301F-11D3-BF4B-00C04F79EFBC}") = "Doubly-Linked-List.Tests", "Doubly-Linked-List.Tests\Doubly-Linked-List.Tests.csproj", "{E10B8D02-777A-5DFE-1484-87D002C84932}"
EndProject
Project("{FAE04EC0-301F-11D3-BF4B-00C04F79EFBC}") = "Frame", "Frame\Frame.csproj", "{6EE90944-6CD9-5583-7F6A-5EF802C5C5A7}"
EndProject
Project("{FAE04EC0-301F-11D3-BF4B-00C04F79EFBC}") = "Frame.Tests", "Frame.Tests\Frame.Tests.csproj", "{0AB4F3BA-1AF3-FE13-8737-F51B3CB4FEB9}"
EndProject
Project("{FAE04EC0-301F-11D3-BF4B-00C04F79EFBC}") = "Heap", "Heap\Heap.csproj", "{D3E61D11-6249-9BB8-6360-BC12D7BDB059}"
EndProject
Project("{FAE04EC0-301F-11D3-BF4B-00C04F79EFBC}") = "Heap.Tests", "Heap.Tests\Heap.Tests.csproj", "{6E859C06-0654-4664-5F7C-3FFC0E84AE7E}"
EndProject
Project("{FAE04EC0-301F-11D3-BF4B-00C04F79EFBC}") = "Priority-Queue", "Priority-Queue\Priority-Queue.csproj", "{F6140C15-8EEA-97F4-A0B9-D72AD7463A89}"
EndProject
Project("{FAE04EC0-301F-11D3-BF4B-00C04F79EFBC}") = "Priority-Queue.Tests", "Priority-Queue.Tests\Priority-Queue.Tests.csproj", "{B135E2D3-79E6-181F-1FA5-56790F0B38D3}"
EndProject
Project("{FAE04EC0-301F-11D3-BF4B-00C04F79EFBC}") = "Queue", "Queue\Queue.csproj", "{7987E5DB-7641-1C66-B502-C83C4DC56C9A}"
EndProject
Project("{FAE04EC0-301F-11D3-BF4B-00C04F79EFBC}") = "Queue.Tests", "Queue.Tests\Queue.Tests.csproj", "{C8CD0A49-9B71-7879-E106-121DDC73AC9B}"
EndProject
Project("{FAE04EC0-301F-11D3-BF4B-00C04F79EFBC}") = "Red-Black-Tree[unfinished]", "Red-Black-Tree\Red-Black-Tree[unfinished].csproj", "{4D7207CB-C7DC-DE67-05E6-5E31D12DF178}"
EndProject
Project("{FAE04EC0-301F-11D3-BF4B-00C04F79EFBC}") = "Singly-Linked-List", "Singly-Linked-List\Singly-Linked-List.csproj", "{6E5434E6-E568-963D-4262-97AE859E7743}"
EndProject
Project("{FAE04EC0-301F-11D3-BF4B-00C04F79EFBC}") = "Singly-Linked-List.Tests", "Singly-Linked-List.Tests\Singly-Linked-List.Tests.csproj", "{910F0075-3BDE-956C-CD8D-B7FD4F5AF778}"
EndProject
Project("{FAE04EC0-301F-11D3-BF4B-00C04F79EFBC}") = "Stack", "Stack\Stack.csproj", "{1E0314D2-F632-C017-3B3B-2FEB598A47A2}"
EndProject
Project("{FAE04EC0-301F-11D3-BF4B-00C04F79EFBC}") = "Stack.Tests", "Stack.Tests\Stack.Tests.csproj", "{6F80482A-A6F9-9141-6F0B-E84D7806F88C}"
EndProject
Project("{FAE04EC0-301F-11D3-BF4B-00C04F79EFBC}") = "Hash-Table(with-Chaining)", "Hash-Table(with-Chaining)\Hash-Table(with-Chaining).csproj", "{757C29B8-CF5B-40B5-9C41-AAF9AD50EF57}"
EndProject
Project("{FAE04EC0-301F-11D3-BF4B-00C04F79EFBC}") = "Hash-Table(with-Chaining).Tests", "Hash-Table(with-Chaining).Tests\Hash-Table(with-Chaining).Tests.csproj", "{2402B38A-882B-42FE-A99E-E13C88B7EE1D}"
EndProject
Project("{FAE04EC0-301F-11D3-BF4B-00C04F79EFBC}") = "Set", "Set\Set.csproj", "{AA73A1C2-65C9-494C-B2F8-FC1D07981313}"
EndProject
Project("{FAE04EC0-301F-11D3-BF4B-00C04F79EFBC}") = "Set.Tests", "Set.Tests\Set.Tests.csproj", "{BFA96C97-6EAA-47C8-A077-E6F656184CDA}"
EndProject
Project("{FAE04EC0-301F-11D3-BF4B-00C04F79EFBC}") = "Graph (Undirected)", "Graph (Undirected)\Graph (Undirected).csproj", "{2F0A15FF-24BF-42C3-B12E-69E5A272F003}"
EndProject
Project("{FAE04EC0-301F-11D3-BF4B-00C04F79EFBC}") = "Graph (Undirected).Tests", "Graph (Undirected).Tests\Graph (Undirected).Tests.csproj", "{3846CA57-ED3A-40A7-92D2-23F0FB6C78BC}"
EndProject
Project("{FAE04EC0-301F-11D3-BF4B-00C04F79EFBC}") = "Graph (Directed)", "Graph (Directed)\Graph (Directed).csproj", "{21456566-6AF4-46F6-918D-FFC3F16787C4}"
EndProject
Project("{FAE04EC0-301F-11D3-BF4B-00C04F79EFBC}") = "Graph (Directed).Tests", "Graph (Directed).Tests\Graph (Directed).Tests.csproj", "{C221E7A1-D422-4EA2-8FBA-7E8425D83030}"
EndProject
Global
	GlobalSection(SolutionConfigurationPlatforms) = preSolution
		Debug|Any CPU = Debug|Any CPU
		Release|Any CPU = Release|Any CPU
	EndGlobalSection
	GlobalSection(ProjectConfigurationPlatforms) = postSolution
		{89104C50-596B-4CBC-9310-42F4B378DA5D}.Debug|Any CPU.ActiveCfg = Debug|Any CPU
		{89104C50-596B-4CBC-9310-42F4B378DA5D}.Debug|Any CPU.Build.0 = Debug|Any CPU
		{89104C50-596B-4CBC-9310-42F4B378DA5D}.Release|Any CPU.ActiveCfg = Release|Any CPU
		{89104C50-596B-4CBC-9310-42F4B378DA5D}.Release|Any CPU.Build.0 = Release|Any CPU
		{82410667-5BB5-425E-1030-9CD3AB0AB41A}.Debug|Any CPU.ActiveCfg = Debug|Any CPU
		{82410667-5BB5-425E-1030-9CD3AB0AB41A}.Debug|Any CPU.Build.0 = Debug|Any CPU
		{82410667-5BB5-425E-1030-9CD3AB0AB41A}.Release|Any CPU.ActiveCfg = Release|Any CPU
		{82410667-5BB5-425E-1030-9CD3AB0AB41A}.Release|Any CPU.Build.0 = Release|Any CPU
		{3251A186-C622-17BE-BC20-D88236160E2D}.Debug|Any CPU.ActiveCfg = Debug|Any CPU
		{3251A186-C622-17BE-BC20-D88236160E2D}.Debug|Any CPU.Build.0 = Debug|Any CPU
		{3251A186-C622-17BE-BC20-D88236160E2D}.Release|Any CPU.ActiveCfg = Release|Any CPU
		{3251A186-C622-17BE-BC20-D88236160E2D}.Release|Any CPU.Build.0 = Release|Any CPU
		{F5AD47F1-47EC-0999-AC9E-3D9A0D74DE24}.Debug|Any CPU.ActiveCfg = Debug|Any CPU
		{F5AD47F1-47EC-0999-AC9E-3D9A0D74DE24}.Debug|Any CPU.Build.0 = Debug|Any CPU
		{F5AD47F1-47EC-0999-AC9E-3D9A0D74DE24}.Release|Any CPU.ActiveCfg = Release|Any CPU
		{F5AD47F1-47EC-0999-AC9E-3D9A0D74DE24}.Release|Any CPU.Build.0 = Release|Any CPU
		{70C43285-D09D-E4DF-3372-B99EE5A623FB}.Debug|Any CPU.ActiveCfg = Debug|Any CPU
		{70C43285-D09D-E4DF-3372-B99EE5A623FB}.Debug|Any CPU.Build.0 = Debug|Any CPU
		{70C43285-D09D-E4DF-3372-B99EE5A623FB}.Release|Any CPU.ActiveCfg = Release|Any CPU
		{70C43285-D09D-E4DF-3372-B99EE5A623FB}.Release|Any CPU.Build.0 = Release|Any CPU
		{EF13EE6C-1538-DDEA-EE37-897B9855B016}.Debug|Any CPU.ActiveCfg = Debug|Any CPU
		{EF13EE6C-1538-DDEA-EE37-897B9855B016}.Debug|Any CPU.Build.0 = Debug|Any CPU
		{EF13EE6C-1538-DDEA-EE37-897B9855B016}.Release|Any CPU.ActiveCfg = Release|Any CPU
		{EF13EE6C-1538-DDEA-EE37-897B9855B016}.Release|Any CPU.Build.0 = Release|Any CPU
		{15A44D9F-3BA7-CFA4-EC2C-195405F5E6B2}.Debug|Any CPU.ActiveCfg = Debug|Any CPU
		{15A44D9F-3BA7-CFA4-EC2C-195405F5E6B2}.Debug|Any CPU.Build.0 = Debug|Any CPU
		{15A44D9F-3BA7-CFA4-EC2C-195405F5E6B2}.Release|Any CPU.ActiveCfg = Release|Any CPU
		{15A44D9F-3BA7-CFA4-EC2C-195405F5E6B2}.Release|Any CPU.Build.0 = Release|Any CPU
		{4504BD0C-1C7A-B5AB-146F-6EC5C24D8E70}.Debug|Any CPU.ActiveCfg = Debug|Any CPU
		{4504BD0C-1C7A-B5AB-146F-6EC5C24D8E70}.Debug|Any CPU.Build.0 = Debug|Any CPU
		{4504BD0C-1C7A-B5AB-146F-6EC5C24D8E70}.Release|Any CPU.ActiveCfg = Release|Any CPU
		{4504BD0C-1C7A-B5AB-146F-6EC5C24D8E70}.Release|Any CPU.Build.0 = Release|Any CPU
		{B02B6D59-C31A-919F-7FFC-8DEF9721FB12}.Debug|Any CPU.ActiveCfg = Debug|Any CPU
		{B02B6D59-C31A-919F-7FFC-8DEF9721FB12}.Debug|Any CPU.Build.0 = Debug|Any CPU
		{B02B6D59-C31A-919F-7FFC-8DEF9721FB12}.Release|Any CPU.ActiveCfg = Release|Any CPU
		{B02B6D59-C31A-919F-7FFC-8DEF9721FB12}.Release|Any CPU.Build.0 = Release|Any CPU
		{59CD3444-E986-7BC9-87C8-FF39974DE341}.Debug|Any CPU.ActiveCfg = Debug|Any CPU
		{59CD3444-E986-7BC9-87C8-FF39974DE341}.Debug|Any CPU.Build.0 = Debug|Any CPU
		{59CD3444-E986-7BC9-87C8-FF39974DE341}.Release|Any CPU.ActiveCfg = Release|Any CPU
		{59CD3444-E986-7BC9-87C8-FF39974DE341}.Release|Any CPU.Build.0 = Release|Any CPU
		{0330761E-220C-F798-23ED-E95C522191C3}.Debug|Any CPU.ActiveCfg = Debug|Any CPU
		{0330761E-220C-F798-23ED-E95C522191C3}.Debug|Any CPU.Build.0 = Debug|Any CPU
		{0330761E-220C-F798-23ED-E95C522191C3}.Release|Any CPU.ActiveCfg = Release|Any CPU
		{0330761E-220C-F798-23ED-E95C522191C3}.Release|Any CPU.Build.0 = Release|Any CPU
		{E619FD14-CA8D-D7E2-581F-7FD0CC454796}.Debug|Any CPU.ActiveCfg = Debug|Any CPU
		{E619FD14-CA8D-D7E2-581F-7FD0CC454796}.Debug|Any CPU.Build.0 = Debug|Any CPU
		{E619FD14-CA8D-D7E2-581F-7FD0CC454796}.Release|Any CPU.ActiveCfg = Release|Any CPU
		{E619FD14-CA8D-D7E2-581F-7FD0CC454796}.Release|Any CPU.Build.0 = Release|Any CPU
		{B61C8E1F-D2D6-686B-9EFC-6610076F6825}.Debug|Any CPU.ActiveCfg = Debug|Any CPU
		{B61C8E1F-D2D6-686B-9EFC-6610076F6825}.Debug|Any CPU.Build.0 = Debug|Any CPU
		{B61C8E1F-D2D6-686B-9EFC-6610076F6825}.Release|Any CPU.ActiveCfg = Release|Any CPU
		{B61C8E1F-D2D6-686B-9EFC-6610076F6825}.Release|Any CPU.Build.0 = Release|Any CPU
		{E10B8D02-777A-5DFE-1484-87D002C84932}.Debug|Any CPU.ActiveCfg = Debug|Any CPU
		{E10B8D02-777A-5DFE-1484-87D002C84932}.Debug|Any CPU.Build.0 = Debug|Any CPU
		{E10B8D02-777A-5DFE-1484-87D002C84932}.Release|Any CPU.ActiveCfg = Release|Any CPU
		{E10B8D02-777A-5DFE-1484-87D002C84932}.Release|Any CPU.Build.0 = Release|Any CPU
		{6EE90944-6CD9-5583-7F6A-5EF802C5C5A7}.Debug|Any CPU.ActiveCfg = Debug|Any CPU
		{6EE90944-6CD9-5583-7F6A-5EF802C5C5A7}.Debug|Any CPU.Build.0 = Debug|Any CPU
		{6EE90944-6CD9-5583-7F6A-5EF802C5C5A7}.Release|Any CPU.ActiveCfg = Release|Any CPU
		{6EE90944-6CD9-5583-7F6A-5EF802C5C5A7}.Release|Any CPU.Build.0 = Release|Any CPU
		{0AB4F3BA-1AF3-FE13-8737-F51B3CB4FEB9}.Debug|Any CPU.ActiveCfg = Debug|Any CPU
		{0AB4F3BA-1AF3-FE13-8737-F51B3CB4FEB9}.Debug|Any CPU.Build.0 = Debug|Any CPU
		{0AB4F3BA-1AF3-FE13-8737-F51B3CB4FEB9}.Release|Any CPU.ActiveCfg = Release|Any CPU
		{0AB4F3BA-1AF3-FE13-8737-F51B3CB4FEB9}.Release|Any CPU.Build.0 = Release|Any CPU
		{D3E61D11-6249-9BB8-6360-BC12D7BDB059}.Debug|Any CPU.ActiveCfg = Debug|Any CPU
		{D3E61D11-6249-9BB8-6360-BC12D7BDB059}.Debug|Any CPU.Build.0 = Debug|Any CPU
		{D3E61D11-6249-9BB8-6360-BC12D7BDB059}.Release|Any CPU.ActiveCfg = Release|Any CPU
		{D3E61D11-6249-9BB8-6360-BC12D7BDB059}.Release|Any CPU.Build.0 = Release|Any CPU
		{6E859C06-0654-4664-5F7C-3FFC0E84AE7E}.Debug|Any CPU.ActiveCfg = Debug|Any CPU
		{6E859C06-0654-4664-5F7C-3FFC0E84AE7E}.Debug|Any CPU.Build.0 = Debug|Any CPU
		{6E859C06-0654-4664-5F7C-3FFC0E84AE7E}.Release|Any CPU.ActiveCfg = Release|Any CPU
		{6E859C06-0654-4664-5F7C-3FFC0E84AE7E}.Release|Any CPU.Build.0 = Release|Any CPU
		{F6140C15-8EEA-97F4-A0B9-D72AD7463A89}.Debug|Any CPU.ActiveCfg = Debug|Any CPU
		{F6140C15-8EEA-97F4-A0B9-D72AD7463A89}.Debug|Any CPU.Build.0 = Debug|Any CPU
		{F6140C15-8EEA-97F4-A0B9-D72AD7463A89}.Release|Any CPU.ActiveCfg = Release|Any CPU
		{F6140C15-8EEA-97F4-A0B9-D72AD7463A89}.Release|Any CPU.Build.0 = Release|Any CPU
		{B135E2D3-79E6-181F-1FA5-56790F0B38D3}.Debug|Any CPU.ActiveCfg = Debug|Any CPU
		{B135E2D3-79E6-181F-1FA5-56790F0B38D3}.Debug|Any CPU.Build.0 = Debug|Any CPU
		{B135E2D3-79E6-181F-1FA5-56790F0B38D3}.Release|Any CPU.ActiveCfg = Release|Any CPU
		{B135E2D3-79E6-181F-1FA5-56790F0B38D3}.Release|Any CPU.Build.0 = Release|Any CPU
		{7987E5DB-7641-1C66-B502-C83C4DC56C9A}.Debug|Any CPU.ActiveCfg = Debug|Any CPU
		{7987E5DB-7641-1C66-B502-C83C4DC56C9A}.Debug|Any CPU.Build.0 = Debug|Any CPU
		{7987E5DB-7641-1C66-B502-C83C4DC56C9A}.Release|Any CPU.ActiveCfg = Release|Any CPU
		{7987E5DB-7641-1C66-B502-C83C4DC56C9A}.Release|Any CPU.Build.0 = Release|Any CPU
		{C8CD0A49-9B71-7879-E106-121DDC73AC9B}.Debug|Any CPU.ActiveCfg = Debug|Any CPU
		{C8CD0A49-9B71-7879-E106-121DDC73AC9B}.Debug|Any CPU.Build.0 = Debug|Any CPU
		{C8CD0A49-9B71-7879-E106-121DDC73AC9B}.Release|Any CPU.ActiveCfg = Release|Any CPU
		{C8CD0A49-9B71-7879-E106-121DDC73AC9B}.Release|Any CPU.Build.0 = Release|Any CPU
		{4D7207CB-C7DC-DE67-05E6-5E31D12DF178}.Debug|Any CPU.ActiveCfg = Debug|Any CPU
		{4D7207CB-C7DC-DE67-05E6-5E31D12DF178}.Debug|Any CPU.Build.0 = Debug|Any CPU
		{4D7207CB-C7DC-DE67-05E6-5E31D12DF178}.Release|Any CPU.ActiveCfg = Release|Any CPU
		{4D7207CB-C7DC-DE67-05E6-5E31D12DF178}.Release|Any CPU.Build.0 = Release|Any CPU
		{6E5434E6-E568-963D-4262-97AE859E7743}.Debug|Any CPU.ActiveCfg = Debug|Any CPU
		{6E5434E6-E568-963D-4262-97AE859E7743}.Debug|Any CPU.Build.0 = Debug|Any CPU
		{6E5434E6-E568-963D-4262-97AE859E7743}.Release|Any CPU.ActiveCfg = Release|Any CPU
		{6E5434E6-E568-963D-4262-97AE859E7743}.Release|Any CPU.Build.0 = Release|Any CPU
		{910F0075-3BDE-956C-CD8D-B7FD4F5AF778}.Debug|Any CPU.ActiveCfg = Debug|Any CPU
		{910F0075-3BDE-956C-CD8D-B7FD4F5AF778}.Debug|Any CPU.Build.0 = Debug|Any CPU
		{910F0075-3BDE-956C-CD8D-B7FD4F5AF778}.Release|Any CPU.ActiveCfg = Release|Any CPU
		{910F0075-3BDE-956C-CD8D-B7FD4F5AF778}.Release|Any CPU.Build.0 = Release|Any CPU
		{1E0314D2-F632-C017-3B3B-2FEB598A47A2}.Debug|Any CPU.ActiveCfg = Debug|Any CPU
		{1E0314D2-F632-C017-3B3B-2FEB598A47A2}.Debug|Any CPU.Build.0 = Debug|Any CPU
		{1E0314D2-F632-C017-3B3B-2FEB598A47A2}.Release|Any CPU.ActiveCfg = Release|Any CPU
		{1E0314D2-F632-C017-3B3B-2FEB598A47A2}.Release|Any CPU.Build.0 = Release|Any CPU
		{6F80482A-A6F9-9141-6F0B-E84D7806F88C}.Debug|Any CPU.ActiveCfg = Debug|Any CPU
		{6F80482A-A6F9-9141-6F0B-E84D7806F88C}.Debug|Any CPU.Build.0 = Debug|Any CPU
		{6F80482A-A6F9-9141-6F0B-E84D7806F88C}.Release|Any CPU.ActiveCfg = Release|Any CPU
		{6F80482A-A6F9-9141-6F0B-E84D7806F88C}.Release|Any CPU.Build.0 = Release|Any CPU
		{757C29B8-CF5B-40B5-9C41-AAF9AD50EF57}.Debug|Any CPU.ActiveCfg = Debug|Any CPU
		{757C29B8-CF5B-40B5-9C41-AAF9AD50EF57}.Debug|Any CPU.Build.0 = Debug|Any CPU
		{757C29B8-CF5B-40B5-9C41-AAF9AD50EF57}.Release|Any CPU.ActiveCfg = Release|Any CPU
		{757C29B8-CF5B-40B5-9C41-AAF9AD50EF57}.Release|Any CPU.Build.0 = Release|Any CPU
		{2402B38A-882B-42FE-A99E-E13C88B7EE1D}.Debug|Any CPU.ActiveCfg = Debug|Any CPU
		{2402B38A-882B-42FE-A99E-E13C88B7EE1D}.Debug|Any CPU.Build.0 = Debug|Any CPU
		{2402B38A-882B-42FE-A99E-E13C88B7EE1D}.Release|Any CPU.ActiveCfg = Release|Any CPU
		{2402B38A-882B-42FE-A99E-E13C88B7EE1D}.Release|Any CPU.Build.0 = Release|Any CPU
		{AA73A1C2-65C9-494C-B2F8-FC1D07981313}.Debug|Any CPU.ActiveCfg = Debug|Any CPU
		{AA73A1C2-65C9-494C-B2F8-FC1D07981313}.Debug|Any CPU.Build.0 = Debug|Any CPU
		{AA73A1C2-65C9-494C-B2F8-FC1D07981313}.Release|Any CPU.ActiveCfg = Release|Any CPU
		{AA73A1C2-65C9-494C-B2F8-FC1D07981313}.Release|Any CPU.Build.0 = Release|Any CPU
		{BFA96C97-6EAA-47C8-A077-E6F656184CDA}.Debug|Any CPU.ActiveCfg = Debug|Any CPU
		{BFA96C97-6EAA-47C8-A077-E6F656184CDA}.Debug|Any CPU.Build.0 = Debug|Any CPU
		{BFA96C97-6EAA-47C8-A077-E6F656184CDA}.Release|Any CPU.ActiveCfg = Release|Any CPU
		{BFA96C97-6EAA-47C8-A077-E6F656184CDA}.Release|Any CPU.Build.0 = Release|Any CPU
		{2F0A15FF-24BF-42C3-B12E-69E5A272F003}.Debug|Any CPU.ActiveCfg = Debug|Any CPU
		{2F0A15FF-24BF-42C3-B12E-69E5A272F003}.Debug|Any CPU.Build.0 = Debug|Any CPU
		{2F0A15FF-24BF-42C3-B12E-69E5A272F003}.Release|Any CPU.ActiveCfg = Release|Any CPU
		{2F0A15FF-24BF-42C3-B12E-69E5A272F003}.Release|Any CPU.Build.0 = Release|Any CPU
		{3846CA57-ED3A-40A7-92D2-23F0FB6C78BC}.Debug|Any CPU.ActiveCfg = Debug|Any CPU
		{3846CA57-ED3A-40A7-92D2-23F0FB6C78BC}.Debug|Any CPU.Build.0 = Debug|Any CPU
		{3846CA57-ED3A-40A7-92D2-23F0FB6C78BC}.Release|Any CPU.ActiveCfg = Release|Any CPU
		{3846CA57-ED3A-40A7-92D2-23F0FB6C78BC}.Release|Any CPU.Build.0 = Release|Any CPU
		{21456566-6AF4-46F6-918D-FFC3F16787C4}.Debug|Any CPU.ActiveCfg = Debug|Any CPU
		{21456566-6AF4-46F6-918D-FFC3F16787C4}.Debug|Any CPU.Build.0 = Debug|Any CPU
		{21456566-6AF4-46F6-918D-FFC3F16787C4}.Release|Any CPU.ActiveCfg = Release|Any CPU
		{21456566-6AF4-46F6-918D-FFC3F16787C4}.Release|Any CPU.Build.0 = Release|Any CPU
		{C221E7A1-D422-4EA2-8FBA-7E8425D83030}.Debug|Any CPU.ActiveCfg = Debug|Any CPU
		{C221E7A1-D422-4EA2-8FBA-7E8425D83030}.Debug|Any CPU.Build.0 = Debug|Any CPU
		{C221E7A1-D422-4EA2-8FBA-7E8425D83030}.Release|Any CPU.ActiveCfg = Release|Any CPU
		{C221E7A1-D422-4EA2-8FBA-7E8425D83030}.Release|Any CPU.Build.0 = Release|Any CPU
	EndGlobalSection
	GlobalSection(SolutionProperties) = preSolution
		HideSolutionNode = FALSE
	EndGlobalSection
	GlobalSection(ExtensibilityGlobals) = postSolution
		SolutionGuid = {30C4D2A3-2E1C-4379-847E-6DD2116B300B}
	EndGlobalSection
EndGlobal
