
Microsoft Visual Studio Solution File, Format Version 12.00
# Visual Studio Version 17
VisualStudioVersion = 17.14.36518.9
MinimumVisualStudioVersion = 10.0.40219.1
Project("{FAE04EC0-301F-11D3-BF4B-00C04F79EFBC}") = "Doubly Linked List", "Doubly Linked List\Doubly Linked List.csproj", "{053B3333-3418-4C36-B6B1-9F5FBB026447}"
EndProject
Project("{FAE04EC0-301F-11D3-BF4B-00C04F79EFBC}") = "Circular Linked List", "Circular Linked List\Circular Linked List.csproj", "{04F7BFF8-584A-4391-9A8F-5E6FF3E2409B}"
EndProject
Project("{FAE04EC0-301F-11D3-BF4B-00C04F79EFBC}") = "Doubly Linked List.Tests", "Doubly Linked List.Tests\Doubly Linked List.Tests.csproj", "{608A0993-F820-448B-8827-873118138B9A}"
EndProject
Project("{FAE04EC0-301F-11D3-BF4B-00C04F79EFBC}") = "Singly Linked List.Tests", "Singly Linked List.Tests\Singly Linked List.Tests.csproj", "{C0EE6F56-B0C9-4DD5-A84C-9E25DF3ADA7B}"
EndProject
Project("{FAE04EC0-301F-11D3-BF4B-00C04F79EFBC}") = "Singly Linked List", "Singly Linked List\Singly Linked List.csproj", "{5026B9A7-51FE-84F8-FA06-0D005A9E1748}"
EndProject
Project("{FAE04EC0-301F-11D3-BF4B-00C04F79EFBC}") = "Circular Linked List.Tests", "Circular Linked List.Tests\Circular Linked List.Tests.csproj", "{21C84761-3F0E-4585-8299-035BBD6BEFC2}"
EndProject
Project("{FAE04EC0-301F-11D3-BF4B-00C04F79EFBC}") = "Stack", "Stack\Stack.csproj", "{7A09F275-EBD5-4821-A9FC-017D98FEAF5D}"
EndProject
Project("{FAE04EC0-301F-11D3-BF4B-00C04F79EFBC}") = "Stack.Tests", "Stack.Tests\Stack.Tests.csproj", "{6C3016A1-E351-459E-AFEE-2D16A22F5FCF}"
EndProject
Project("{FAE04EC0-301F-11D3-BF4B-00C04F79EFBC}") = "Queue", "Queue\Queue.csproj", "{022A47F4-31EA-4FF9-9C31-4110EC5412B0}"
EndProject
Project("{FAE04EC0-301F-11D3-BF4B-00C04F79EFBC}") = "Queue.Tests", "Queue.Tests\Queue.Tests.csproj", "{6709F857-27FF-4E5C-A04E-820E670EDA62}"
EndProject
Project("{FAE04EC0-301F-11D3-BF4B-00C04F79EFBC}") = "Circular Queue", "Circular Queue\Circular Queue.csproj", "{B7D56807-8727-472E-B12D-44C06A9ABD5A}"
EndProject
Project("{FAE04EC0-301F-11D3-BF4B-00C04F79EFBC}") = "Circular Queue.Tests", "Circular Queue.Tests\Circular Queue.Tests.csproj", "{293246D4-22B0-4DF5-BDF5-32EB93D130FD}"
EndProject
Project("{FAE04EC0-301F-11D3-BF4B-00C04F79EFBC}") = "Heap", "Heap\Heap.csproj", "{C0FFE8A8-C15F-48F1-B947-765B6FC4C893}"
EndProject
Project("{FAE04EC0-301F-11D3-BF4B-00C04F79EFBC}") = "Heap.Tests", "Heap.Tests\Heap.Tests.csproj", "{0DA03291-528F-4B0B-9F97-2D5B65F9063E}"
EndProject
Project("{FAE04EC0-301F-11D3-BF4B-00C04F79EFBC}") = "Deque", "Deque\Deque.csproj", "{28ABF356-5992-4B6A-B261-03F58F28E953}"
EndProject
Project("{FAE04EC0-301F-11D3-BF4B-00C04F79EFBC}") = "Deque.Tests", "Deque.Tests\Deque.Tests.csproj", "{99BACF49-C967-4935-A8CC-576418835F40}"
EndProject
Project("{FAE04EC0-301F-11D3-BF4B-00C04F79EFBC}") = "Binary Tree", "Binary Tree\Binary Tree.csproj", "{D47F2081-FDEC-4DC1-ADD2-5B53B5F7CA8C}"
EndProject
Project("{FAE04EC0-301F-11D3-BF4B-00C04F79EFBC}") = "Binary Tree.Tests", "Binary Tree.Tests\Binary Tree.Tests.csproj", "{943FE767-8C27-4DDD-9F87-0E6BB6627866}"
EndProject
Global
	GlobalSection(SolutionConfigurationPlatforms) = preSolution
		Debug|Any CPU = Debug|Any CPU
		Release|Any CPU = Release|Any CPU
	EndGlobalSection
	GlobalSection(ProjectConfigurationPlatforms) = postSolution
		{053B3333-3418-4C36-B6B1-9F5FBB026447}.Debug|Any CPU.ActiveCfg = Debug|Any CPU
		{053B3333-3418-4C36-B6B1-9F5FBB026447}.Debug|Any CPU.Build.0 = Debug|Any CPU
		{053B3333-3418-4C36-B6B1-9F5FBB026447}.Release|Any CPU.ActiveCfg = Release|Any CPU
		{053B3333-3418-4C36-B6B1-9F5FBB026447}.Release|Any CPU.Build.0 = Release|Any CPU
		{04F7BFF8-584A-4391-9A8F-5E6FF3E2409B}.Debug|Any CPU.ActiveCfg = Debug|Any CPU
		{04F7BFF8-584A-4391-9A8F-5E6FF3E2409B}.Debug|Any CPU.Build.0 = Debug|Any CPU
		{04F7BFF8-584A-4391-9A8F-5E6FF3E2409B}.Release|Any CPU.ActiveCfg = Release|Any CPU
		{04F7BFF8-584A-4391-9A8F-5E6FF3E2409B}.Release|Any CPU.Build.0 = Release|Any CPU
		{608A0993-F820-448B-8827-873118138B9A}.Debug|Any CPU.ActiveCfg = Debug|Any CPU
		{608A0993-F820-448B-8827-873118138B9A}.Debug|Any CPU.Build.0 = Debug|Any CPU
		{608A0993-F820-448B-8827-873118138B9A}.Release|Any CPU.ActiveCfg = Release|Any CPU
		{608A0993-F820-448B-8827-873118138B9A}.Release|Any CPU.Build.0 = Release|Any CPU
		{C0EE6F56-B0C9-4DD5-A84C-9E25DF3ADA7B}.Debug|Any CPU.ActiveCfg = Debug|Any CPU
		{C0EE6F56-B0C9-4DD5-A84C-9E25DF3ADA7B}.Debug|Any CPU.Build.0 = Debug|Any CPU
		{C0EE6F56-B0C9-4DD5-A84C-9E25DF3ADA7B}.Release|Any CPU.ActiveCfg = Release|Any CPU
		{C0EE6F56-B0C9-4DD5-A84C-9E25DF3ADA7B}.Release|Any CPU.Build.0 = Release|Any CPU
		{5026B9A7-51FE-84F8-FA06-0D005A9E1748}.Debug|Any CPU.ActiveCfg = Debug|Any CPU
		{5026B9A7-51FE-84F8-FA06-0D005A9E1748}.Debug|Any CPU.Build.0 = Debug|Any CPU
		{5026B9A7-51FE-84F8-FA06-0D005A9E1748}.Release|Any CPU.ActiveCfg = Release|Any CPU
		{5026B9A7-51FE-84F8-FA06-0D005A9E1748}.Release|Any CPU.Build.0 = Release|Any CPU
		{21C84761-3F0E-4585-8299-035BBD6BEFC2}.Debug|Any CPU.ActiveCfg = Debug|Any CPU
		{21C84761-3F0E-4585-8299-035BBD6BEFC2}.Debug|Any CPU.Build.0 = Debug|Any CPU
		{21C84761-3F0E-4585-8299-035BBD6BEFC2}.Release|Any CPU.ActiveCfg = Release|Any CPU
		{21C84761-3F0E-4585-8299-035BBD6BEFC2}.Release|Any CPU.Build.0 = Release|Any CPU
		{7A09F275-EBD5-4821-A9FC-017D98FEAF5D}.Debug|Any CPU.ActiveCfg = Debug|Any CPU
		{7A09F275-EBD5-4821-A9FC-017D98FEAF5D}.Debug|Any CPU.Build.0 = Debug|Any CPU
		{7A09F275-EBD5-4821-A9FC-017D98FEAF5D}.Release|Any CPU.ActiveCfg = Release|Any CPU
		{7A09F275-EBD5-4821-A9FC-017D98FEAF5D}.Release|Any CPU.Build.0 = Release|Any CPU
		{6C3016A1-E351-459E-AFEE-2D16A22F5FCF}.Debug|Any CPU.ActiveCfg = Debug|Any CPU
		{6C3016A1-E351-459E-AFEE-2D16A22F5FCF}.Debug|Any CPU.Build.0 = Debug|Any CPU
		{6C3016A1-E351-459E-AFEE-2D16A22F5FCF}.Release|Any CPU.ActiveCfg = Release|Any CPU
		{6C3016A1-E351-459E-AFEE-2D16A22F5FCF}.Release|Any CPU.Build.0 = Release|Any CPU
		{022A47F4-31EA-4FF9-9C31-4110EC5412B0}.Debug|Any CPU.ActiveCfg = Debug|Any CPU
		{022A47F4-31EA-4FF9-9C31-4110EC5412B0}.Debug|Any CPU.Build.0 = Debug|Any CPU
		{022A47F4-31EA-4FF9-9C31-4110EC5412B0}.Release|Any CPU.ActiveCfg = Release|Any CPU
		{022A47F4-31EA-4FF9-9C31-4110EC5412B0}.Release|Any CPU.Build.0 = Release|Any CPU
		{6709F857-27FF-4E5C-A04E-820E670EDA62}.Debug|Any CPU.ActiveCfg = Debug|Any CPU
		{6709F857-27FF-4E5C-A04E-820E670EDA62}.Debug|Any CPU.Build.0 = Debug|Any CPU
		{6709F857-27FF-4E5C-A04E-820E670EDA62}.Release|Any CPU.ActiveCfg = Release|Any CPU
		{6709F857-27FF-4E5C-A04E-820E670EDA62}.Release|Any CPU.Build.0 = Release|Any CPU
		{B7D56807-8727-472E-B12D-44C06A9ABD5A}.Debug|Any CPU.ActiveCfg = Debug|Any CPU
		{B7D56807-8727-472E-B12D-44C06A9ABD5A}.Debug|Any CPU.Build.0 = Debug|Any CPU
		{B7D56807-8727-472E-B12D-44C06A9ABD5A}.Release|Any CPU.ActiveCfg = Release|Any CPU
		{B7D56807-8727-472E-B12D-44C06A9ABD5A}.Release|Any CPU.Build.0 = Release|Any CPU
		{293246D4-22B0-4DF5-BDF5-32EB93D130FD}.Debug|Any CPU.ActiveCfg = Debug|Any CPU
		{293246D4-22B0-4DF5-BDF5-32EB93D130FD}.Debug|Any CPU.Build.0 = Debug|Any CPU
		{293246D4-22B0-4DF5-BDF5-32EB93D130FD}.Release|Any CPU.ActiveCfg = Release|Any CPU
		{293246D4-22B0-4DF5-BDF5-32EB93D130FD}.Release|Any CPU.Build.0 = Release|Any CPU
		{C0FFE8A8-C15F-48F1-B947-765B6FC4C893}.Debug|Any CPU.ActiveCfg = Debug|Any CPU
		{C0FFE8A8-C15F-48F1-B947-765B6FC4C893}.Debug|Any CPU.Build.0 = Debug|Any CPU
		{C0FFE8A8-C15F-48F1-B947-765B6FC4C893}.Release|Any CPU.ActiveCfg = Release|Any CPU
		{C0FFE8A8-C15F-48F1-B947-765B6FC4C893}.Release|Any CPU.Build.0 = Release|Any CPU
		{0DA03291-528F-4B0B-9F97-2D5B65F9063E}.Debug|Any CPU.ActiveCfg = Debug|Any CPU
		{0DA03291-528F-4B0B-9F97-2D5B65F9063E}.Debug|Any CPU.Build.0 = Debug|Any CPU
		{0DA03291-528F-4B0B-9F97-2D5B65F9063E}.Release|Any CPU.ActiveCfg = Release|Any CPU
		{0DA03291-528F-4B0B-9F97-2D5B65F9063E}.Release|Any CPU.Build.0 = Release|Any CPU
		{28ABF356-5992-4B6A-B261-03F58F28E953}.Debug|Any CPU.ActiveCfg = Debug|Any CPU
		{28ABF356-5992-4B6A-B261-03F58F28E953}.Debug|Any CPU.Build.0 = Debug|Any CPU
		{28ABF356-5992-4B6A-B261-03F58F28E953}.Release|Any CPU.ActiveCfg = Release|Any CPU
		{28ABF356-5992-4B6A-B261-03F58F28E953}.Release|Any CPU.Build.0 = Release|Any CPU
		{99BACF49-C967-4935-A8CC-576418835F40}.Debug|Any CPU.ActiveCfg = Debug|Any CPU
		{99BACF49-C967-4935-A8CC-576418835F40}.Debug|Any CPU.Build.0 = Debug|Any CPU
		{99BACF49-C967-4935-A8CC-576418835F40}.Release|Any CPU.ActiveCfg = Release|Any CPU
		{99BACF49-C967-4935-A8CC-576418835F40}.Release|Any CPU.Build.0 = Release|Any CPU
		{D47F2081-FDEC-4DC1-ADD2-5B53B5F7CA8C}.Debug|Any CPU.ActiveCfg = Debug|Any CPU
		{D47F2081-FDEC-4DC1-ADD2-5B53B5F7CA8C}.Debug|Any CPU.Build.0 = Debug|Any CPU
		{D47F2081-FDEC-4DC1-ADD2-5B53B5F7CA8C}.Release|Any CPU.ActiveCfg = Release|Any CPU
		{D47F2081-FDEC-4DC1-ADD2-5B53B5F7CA8C}.Release|Any CPU.Build.0 = Release|Any CPU
		{943FE767-8C27-4DDD-9F87-0E6BB6627866}.Debug|Any CPU.ActiveCfg = Debug|Any CPU
		{943FE767-8C27-4DDD-9F87-0E6BB6627866}.Debug|Any CPU.Build.0 = Debug|Any CPU
		{943FE767-8C27-4DDD-9F87-0E6BB6627866}.Release|Any CPU.ActiveCfg = Release|Any CPU
		{943FE767-8C27-4DDD-9F87-0E6BB6627866}.Release|Any CPU.Build.0 = Release|Any CPU
	EndGlobalSection
	GlobalSection(SolutionProperties) = preSolution
		HideSolutionNode = FALSE
	EndGlobalSection
	GlobalSection(ExtensibilityGlobals) = postSolution
		SolutionGuid = {30C4D2A3-2E1C-4379-847E-6DD2116B300B}
	EndGlobalSection
EndGlobal
