
Microsoft Visual Studio Solution File, Format Version 12.00
# Visual Studio Version 17
VisualStudioVersion = 17.14.36518.9 d17.14
MinimumVisualStudioVersion = 10.0.40219.1
Project("{FAE04EC0-301F-11D3-BF4B-00C04F79EFBC}") = "WinFormsApp1", "WinFormsApp1\WinFormsApp1.csproj", "{BC986BBA-D145-4845-A9A7-BC7EED6EF532}"
EndProject
Global
	GlobalSection(SolutionConfigurationPlatforms) = preSolution
		Debug|Any CPU = Debug|Any CPU
		Release|Any CPU = Release|Any CPU
	EndGlobalSection
	GlobalSection(ProjectConfigurationPlatforms) = postSolution
		{BC986BBA-D145-4845-A9A7-BC7EED6EF532}.Debug|Any CPU.ActiveCfg = Debug|Any CPU
		{BC986BBA-D145-4845-A9A7-BC7EED6EF532}.Debug|Any CPU.Build.0 = Debug|Any CPU
		{BC986BBA-D145-4845-A9A7-BC7EED6EF532}.Release|Any CPU.ActiveCfg = Release|Any CPU
		{BC986BBA-D145-4845-A9A7-BC7EED6EF532}.Release|Any CPU.Build.0 = Release|Any CPU
	EndGlobalSection
	GlobalSection(SolutionProperties) = preSolution
		HideSolutionNode = FALSE
	EndGlobalSection
	GlobalSection(ExtensibilityGlobals) = postSolution
		SolutionGuid = {E55272A5-EC9D-4D4D-A208-E9D17D26F9F8}
	EndGlobalSection
EndGlobal
