
Microsoft Visual Studio Solution File, Format Version 12.00
# Visual Studio Version 17
VisualStudioVersion = 17.14.36518.9
MinimumVisualStudioVersion = 10.0.40219.1
Project("{FAE04EC0-301F-11D3-BF4B-00C04F79EFBC}") = "Singly Linked List", "Linked List (Singly)\Singly Linked List.csproj", "{C1CC674B-A93A-9331-2B42-2363E9A31854}"
EndProject
Project("{FAE04EC0-301F-11D3-BF4B-00C04F79EFBC}") = "Doubly Linked List", "Doubly Linked List\Doubly Linked List.csproj", "{053B3333-3418-4C36-B6B1-9F5FBB026447}"
EndProject
Project("{FAE04EC0-301F-11D3-BF4B-00C04F79EFBC}") = "Circular Linked List", "Circular Linked List\Circular Linked List.csproj", "{04F7BFF8-584A-4391-9A8F-5E6FF3E2409B}"
EndProject
Project("{FAE04EC0-301F-11D3-BF4B-00C04F79EFBC}") = "Doubly Linked List.Tests", "Doubly Linked List.Tests\Doubly Linked List.Tests.csproj", "{608A0993-F820-448B-8827-873118138B9A}"
EndProject
Project("{FAE04EC0-301F-11D3-BF4B-00C04F79EFBC}") = "Singly Linked List.Tests", "Singly Linked List.Tests\Singly Linked List.Tests.csproj", "{C0EE6F56-B0C9-4DD5-A84C-9E25DF3ADA7B}"
EndProject
Global
	GlobalSection(SolutionConfigurationPlatforms) = preSolution
		Debug|Any CPU = Debug|Any CPU
		Release|Any CPU = Release|Any CPU
	EndGlobalSection
	GlobalSection(ProjectConfigurationPlatforms) = postSolution
		{C1CC674B-A93A-9331-2B42-2363E9A31854}.Debug|Any CPU.ActiveCfg = Debug|Any CPU
		{C1CC674B-A93A-9331-2B42-2363E9A31854}.Debug|Any CPU.Build.0 = Debug|Any CPU
		{C1CC674B-A93A-9331-2B42-2363E9A31854}.Release|Any CPU.ActiveCfg = Release|Any CPU
		{C1CC674B-A93A-9331-2B42-2363E9A31854}.Release|Any CPU.Build.0 = Release|Any CPU
		{053B3333-3418-4C36-B6B1-9F5FBB026447}.Debug|Any CPU.ActiveCfg = Debug|Any CPU
		{053B3333-3418-4C36-B6B1-9F5FBB026447}.Debug|Any CPU.Build.0 = Debug|Any CPU
		{053B3333-3418-4C36-B6B1-9F5FBB026447}.Release|Any CPU.ActiveCfg = Release|Any CPU
		{053B3333-3418-4C36-B6B1-9F5FBB026447}.Release|Any CPU.Build.0 = Release|Any CPU
		{04F7BFF8-584A-4391-9A8F-5E6FF3E2409B}.Debug|Any CPU.ActiveCfg = Debug|Any CPU
		{04F7BFF8-584A-4391-9A8F-5E6FF3E2409B}.Debug|Any CPU.Build.0 = Debug|Any CPU
		{04F7BFF8-584A-4391-9A8F-5E6FF3E2409B}.Release|Any CPU.ActiveCfg = Release|Any CPU
		{04F7BFF8-584A-4391-9A8F-5E6FF3E2409B}.Release|Any CPU.Build.0 = Release|Any CPU
		{608A0993-F820-448B-8827-873118138B9A}.Debug|Any CPU.ActiveCfg = Debug|Any CPU
		{608A0993-F820-448B-8827-873118138B9A}.Debug|Any CPU.Build.0 = Debug|Any CPU
		{608A0993-F820-448B-8827-873118138B9A}.Release|Any CPU.ActiveCfg = Release|Any CPU
		{608A0993-F820-448B-8827-873118138B9A}.Release|Any CPU.Build.0 = Release|Any CPU
		{C0EE6F56-B0C9-4DD5-A84C-9E25DF3ADA7B}.Debug|Any CPU.ActiveCfg = Debug|Any CPU
		{C0EE6F56-B0C9-4DD5-A84C-9E25DF3ADA7B}.Debug|Any CPU.Build.0 = Debug|Any CPU
		{C0EE6F56-B0C9-4DD5-A84C-9E25DF3ADA7B}.Release|Any CPU.ActiveCfg = Release|Any CPU
		{C0EE6F56-B0C9-4DD5-A84C-9E25DF3ADA7B}.Release|Any CPU.Build.0 = Release|Any CPU
	EndGlobalSection
	GlobalSection(SolutionProperties) = preSolution
		HideSolutionNode = FALSE
	EndGlobalSection
	GlobalSection(ExtensibilityGlobals) = postSolution
		SolutionGuid = {30C4D2A3-2E1C-4379-847E-6DD2116B300B}
	EndGlobalSection
EndGlobal
